
Microsoft Visual Studio Solution File, Format Version 12.00
# Visual Studio Version 16
VisualStudioVersion = 16.0.31205.134
MinimumVisualStudioVersion = 10.0.40219.1
Project("{FAE04EC0-301F-11D3-BF4B-00C04F79EFBC}") = "Поиск совпадений", "Поиск совпадений\Поиск совпадений.csproj", "{537604AD-74C7-4429-9B15-225D29149DB3}"
EndProject
Global
	GlobalSection(SolutionConfigurationPlatforms) = preSolution
		Debug|Any CPU = Debug|Any CPU
		Release|Any CPU = Release|Any CPU
	EndGlobalSection
	GlobalSection(ProjectConfigurationPlatforms) = postSolution
		{537604AD-74C7-4429-9B15-225D29149DB3}.Debug|Any CPU.ActiveCfg = Debug|Any CPU
		{537604AD-74C7-4429-9B15-225D29149DB3}.Debug|Any CPU.Build.0 = Debug|Any CPU
		{537604AD-74C7-4429-9B15-225D29149DB3}.Release|Any CPU.ActiveCfg = Release|Any CPU
		{537604AD-74C7-4429-9B15-225D29149DB3}.Release|Any CPU.Build.0 = Release|Any CPU
	EndGlobalSection
	GlobalSection(SolutionProperties) = preSolution
		HideSolutionNode = FALSE
	EndGlobalSection
	GlobalSection(ExtensibilityGlobals) = postSolution
		SolutionGuid = {3EAEAABF-BE7F-439E-9937-8F6B66884396}
	EndGlobalSection
EndGlobal
